
Microsoft Visual Studio Solution File, Format Version 12.00
# Visual Studio Express 14 for Windows Desktop
VisualStudioVersion = 14.0.24720.0
MinimumVisualStudioVersion = 10.0.40219.1
Project("{8BC9CEB8-8B4A-11D0-8D11-00A0C91BC942}") = "Hex_cpp", "Hex_cpp\Hex_cpp.vcxproj", "{C4B0FE7F-847D-4D63-8627-1AAC278B1ECA}"
EndProject
Project("{2150E333-8FDC-42A3-9474-1A3956D46DE8}") = "Solution Items", "Solution Items", "{58CECD4E-6BF0-4C6B-BB7D-3BA4F2D9D335}"
	ProjectSection(SolutionItems) = preProject
		arial.ttf = arial.ttf
	EndProjectSection
EndProject
Global
	GlobalSection(SolutionConfigurationPlatforms) = preSolution
		Debug|Win32 = Debug|Win32
		Release|Win32 = Release|Win32
	EndGlobalSection
	GlobalSection(ProjectConfigurationPlatforms) = postSolution
		{C4B0FE7F-847D-4D63-8627-1AAC278B1ECA}.Debug|Win32.ActiveCfg = Debug|Win32
		{C4B0FE7F-847D-4D63-8627-1AAC278B1ECA}.Debug|Win32.Build.0 = Debug|Win32
		{C4B0FE7F-847D-4D63-8627-1AAC278B1ECA}.Release|Win32.ActiveCfg = Release|Win32
		{C4B0FE7F-847D-4D63-8627-1AAC278B1ECA}.Release|Win32.Build.0 = Release|Win32
	EndGlobalSection
	GlobalSection(SolutionProperties) = preSolution
		HideSolutionNode = FALSE
	EndGlobalSection
EndGlobal
